
Microsoft Visual Studio Solution File, Format Version 12.00
# Visual Studio Version 16
VisualStudioVersion = 16.0.29920.165
MinimumVisualStudioVersion = 10.0.40219.1
Project("{FAE04EC0-301F-11D3-BF4B-00C04F79EFBC}") = "server", "server\server.csproj", "{BFD5DEC0-1F08-4DB1-9F7E-656FA1C647C9}"
EndProject
Global
	GlobalSection(SolutionConfigurationPlatforms) = preSolution
		Debug|Any CPU = Debug|Any CPU
		Release|Any CPU = Release|Any CPU
	EndGlobalSection
	GlobalSection(ProjectConfigurationPlatforms) = postSolution
		{BFD5DEC0-1F08-4DB1-9F7E-656FA1C647C9}.Debug|Any CPU.ActiveCfg = Debug|Any CPU
		{BFD5DEC0-1F08-4DB1-9F7E-656FA1C647C9}.Debug|Any CPU.Build.0 = Debug|Any CPU
		{BFD5DEC0-1F08-4DB1-9F7E-656FA1C647C9}.Release|Any CPU.ActiveCfg = Release|Any CPU
		{BFD5DEC0-1F08-4DB1-9F7E-656FA1C647C9}.Release|Any CPU.Build.0 = Release|Any CPU
	EndGlobalSection
	GlobalSection(SolutionProperties) = preSolution
		HideSolutionNode = FALSE
	EndGlobalSection
	GlobalSection(ExtensibilityGlobals) = postSolution
		SolutionGuid = {F370D778-5287-4DD9-A120-A31A7E35E021}
	EndGlobalSection
EndGlobal
